
Microsoft Visual Studio Solution File, Format Version 12.00
# Visual Studio 15
VisualStudioVersion = 15.0.27004.2009
MinimumVisualStudioVersion = 10.0.40219.1
Project("{FAE04EC0-301F-11D3-BF4B-00C04F79EFBC}") = "TestWebsite", "TestWebsite\TestWebsite.csproj", "{CF1AB18F-3A2D-47D0-8EFC-FCA9401BD99D}"
EndProject
Global
	GlobalSection(SolutionConfigurationPlatforms) = preSolution
		Debug|Any CPU = Debug|Any CPU
		Release|Any CPU = Release|Any CPU
	EndGlobalSection
	GlobalSection(ProjectConfigurationPlatforms) = postSolution
		{CF1AB18F-3A2D-47D0-8EFC-FCA9401BD99D}.Debug|Any CPU.ActiveCfg = Debug|Any CPU
		{CF1AB18F-3A2D-47D0-8EFC-FCA9401BD99D}.Debug|Any CPU.Build.0 = Debug|Any CPU
		{CF1AB18F-3A2D-47D0-8EFC-FCA9401BD99D}.Release|Any CPU.ActiveCfg = Release|Any CPU
		{CF1AB18F-3A2D-47D0-8EFC-FCA9401BD99D}.Release|Any CPU.Build.0 = Release|Any CPU
	EndGlobalSection
	GlobalSection(SolutionProperties) = preSolution
		HideSolutionNode = FALSE
	EndGlobalSection
	GlobalSection(ExtensibilityGlobals) = postSolution
		SolutionGuid = {5E2DCE51-6ABD-4F1A-9844-A2CDC18D3319}
	EndGlobalSection
EndGlobal
